Microsoft Visual Studio Solution File, Format Version 12.00
# Visual Studio Version 17
VisualStudioVersion = 17.2.32616.157
MinimumVisualStudioVersion = 10.0.40219.1
Project("{9A19103F-16F7-4668-BE54-9A1E7A4F7556}") = "Shard.Shared.Web.IntegrationTests", "Shard.Shared.Web.IntegrationTests\Shard.Shared.Web.IntegrationTests.csproj", "{2BF7FDA4-BBCA-415B-8310-BC26B7C3F20B}"
EndProject
Project("{9A19103F-16F7-4668-BE54-9A1E7A4F7556}") = "Shard.Shared.Core", "Shard.Shared.Core\Shard.Shared.Core.csproj", "{7D73D8F4-7CA6-443D-AC94-5881C4C935FA}"
EndProject
Project("{9A19103F-16F7-4668-BE54-9A1E7A4F7556}") = "IonShard", "IonShard\IonShard.csproj", "{9E5EC7AC-E334-4087-944F-980CD65DD584}"
EndProject
Project("{9A19103F-16F7-4668-BE54-9A1E7A4F7556}") = "IonShard.IntegrationTests", "IonShard.IntegrationTests\IonShard.IntegrationTests.csproj", "{850A8C16-BB65-4E75-919F-E739831A062F}"
EndProject
Project("{9A19103F-16F7-4668-BE54-9A1E7A4F7556}") = "IonShard.UnitTests", "IonShard.UnitTests\IonShard.UnitTests.csproj", "{C09BC892-D9FB-4903-92B4-D5316FA0C87C}"
EndProject
Global
	GlobalSection(SolutionConfigurationPlatforms) = preSolution
		Debug|Any CPU = Debug|Any CPU
		Release|Any CPU = Release|Any CPU
	EndGlobalSection
	GlobalSection(ProjectConfigurationPlatforms) = postSolution
		{2BF7FDA4-BBCA-415B-8310-BC26B7C3F20B}.Debug|Any CPU.ActiveCfg = Debug|Any CPU
		{2BF7FDA4-BBCA-415B-8310-BC26B7C3F20B}.Debug|Any CPU.Build.0 = Debug|Any CPU
		{2BF7FDA4-BBCA-415B-8310-BC26B7C3F20B}.Release|Any CPU.ActiveCfg = Release|Any CPU
		{2BF7FDA4-BBCA-415B-8310-BC26B7C3F20B}.Release|Any CPU.Build.0 = Release|Any CPU
		{7D73D8F4-7CA6-443D-AC94-5881C4C935FA}.Debug|Any CPU.ActiveCfg = Debug|Any CPU
		{7D73D8F4-7CA6-443D-AC94-5881C4C935FA}.Debug|Any CPU.Build.0 = Debug|Any CPU
		{7D73D8F4-7CA6-443D-AC94-5881C4C935FA}.Release|Any CPU.ActiveCfg = Release|Any CPU
		{7D73D8F4-7CA6-443D-AC94-5881C4C935FA}.Release|Any CPU.Build.0 = Release|Any CPU
		{9E5EC7AC-E334-4087-944F-980CD65DD584}.Debug|Any CPU.ActiveCfg = Debug|Any CPU
		{9E5EC7AC-E334-4087-944F-980CD65DD584}.Debug|Any CPU.Build.0 = Debug|Any CPU
		{9E5EC7AC-E334-4087-944F-980CD65DD584}.Release|Any CPU.ActiveCfg = Release|Any CPU
		{9E5EC7AC-E334-4087-944F-980CD65DD584}.Release|Any CPU.Build.0 = Release|Any CPU
		{850A8C16-BB65-4E75-919F-E739831A062F}.Debug|Any CPU.ActiveCfg = Debug|Any CPU
		{850A8C16-BB65-4E75-919F-E739831A062F}.Debug|Any CPU.Build.0 = Debug|Any CPU
		{850A8C16-BB65-4E75-919F-E739831A062F}.Release|Any CPU.ActiveCfg = Release|Any CPU
		{850A8C16-BB65-4E75-919F-E739831A062F}.Release|Any CPU.Build.0 = Release|Any CPU
		{C09BC892-D9FB-4903-92B4-D5316FA0C87C}.Debug|Any CPU.ActiveCfg = Debug|Any CPU
		{C09BC892-D9FB-4903-92B4-D5316FA0C87C}.Debug|Any CPU.Build.0 = Debug|Any CPU
		{C09BC892-D9FB-4903-92B4-D5316FA0C87C}.Release|Any CPU.ActiveCfg = Release|Any CPU
		{C09BC892-D9FB-4903-92B4-D5316FA0C87C}.Release|Any CPU.Build.0 = Release|Any CPU
	EndGlobalSection
	GlobalSection(SolutionProperties) = preSolution
		HideSolutionNode = FALSE
	EndGlobalSection
	GlobalSection(ExtensibilityGlobals) = postSolution
		SolutionGuid = {713D3A0C-FB25-42FD-B0E7-51CF73621F1F}
	EndGlobalSection
EndGlobal
